PODS:
  - fllama (0.0.1):
    - FlutterMacOS
  - FlutterMacOS (1.0.0)

DEPENDENCIES:
  - fllama (from `Flutter/ephemeral/.symlinks/plugins/fllama/macos`)
  - FlutterMacOS (from `Flutter/ephemeral`)

EXTERNAL SOURCES:
  fllama:
    :path: Flutter/ephemeral/.symlinks/plugins/fllama/macos
  FlutterMacOS:
    :path: Flutter/ephemeral

SPEC CHECKSUMS:
  fllama: 95c0ad72d923ee52cab028cd1b5bb5e7dbc6bd21
  FlutterMacOS: 8f6f14fa908a6fb3fba0cd85dbd81ec4b251fb24

PODFILE CHECKSUM: 236401fc2c932af29a9fcf0e97baeeb2d750d367

COCOAPODS: 1.14.3
